// !$*UTF8*$!
{
	archiveVersion = 1;
	classes = {
	};
	objectVersion = 50;
	objects = {

/* Begin PBXBuildFile section */
		35A2548621CA5C88009AAACD /* AppDelegate.swift in Sources */ = {isa = PBXBuildFile; fileRef = 35A2548521CA5C88009AAACD /* AppDelegate.swift */; };
		35A2548B21CA5C88009AAACD /* Main.storyboard in Resources */ = {isa = PBXBuildFile; fileRef = 35A2548921CA5C88009AAACD /* Main.storyboard */; };
		35A2548D21CA5C89009AAACD /* Assets.xcassets in Resources */ = {isa = PBXBuildFile; fileRef = 35A2548C21CA5C89009AAACD /* Assets.xcassets */; };
		35A2549021CA5C89009AAACD /* LaunchScreen.storyboard in Resources */ = {isa = PBXBuildFile; fileRef = 35A2548E21CA5C89009AAACD /* LaunchScreen.storyboard */; };
		35A2549B21CA5C89009AAACD /* PropertyListTests.swift in Sources */ = {isa = PBXBuildFile; fileRef = 35A2549A21CA5C89009AAACD /* PropertyListTests.swift */; };
		35A254A621CA5CA5009AAACD /* TableViewController.swift in Sources */ = {isa = PBXBuildFile; fileRef = 35A254A521CA5CA5009AAACD /* TableViewController.swift */; };
		35A254A821CA5DCC009AAACD /* TableData.plist in Resources */ = {isa = PBXBuildFile; fileRef = 35A254A721CA5DCC009AAACD /* TableData.plist */; };
/* End PBXBuildFile section */

/* Begin PBXContainerItemProxy section */
		35A2549721CA5C89009AAACD /* PBXContainerItemProxy */ = {
			isa = PBXContainerItemProxy;
			containerPortal = 35A2547A21CA5C88009AAACD /* Project object */;
			proxyType = 1;
			remoteGlobalIDString = 35A2548121CA5C88009AAACD;
			remoteInfo = PropertyList;
		};
/* End PBXContainerItemProxy section */

/* Begin PBXFileReference section */
		35A2548221CA5C88009AAACD /* PropertyList.app */ = {isa = PBXFileReference; explicitFileType = wrapper.application; includeInIndex = 0; path = PropertyList.app; sourceTree = BUILT_PRODUCTS_DIR; };
		35A2548521CA5C88009AAACD /* AppDelegate.swift */ = {isa = PBXFileReference; lastKnownFileType = sourcecode.swift; path = AppDelegate.swift; sourceTree = "<group>"; };
		35A2548A21CA5C88009AAACD /* Base */ = {isa = PBXFileReference; lastKnownFileType = file.storyboard; name = Base; path = Base.lproj/Main.storyboard; sourceTree = "<group>"; };
		35A2548C21CA5C89009AAACD /* Assets.xcassets */ = {isa = PBXFileReference; lastKnownFileType = folder.assetcatalog; path = Assets.xcassets; sourceTree = "<group>"; };
		35A2548F21CA5C89009AAACD /* Base */ = {isa = PBXFileReference; lastKnownFileType = file.storyboard; name = Base; path = Base.lproj/LaunchScreen.storyboard; sourceTree = "<group>"; };
		35A2549121CA5C89009AAACD /* Info.plist */ = {isa = PBXFileReference; lastKnownFileType = text.plist.xml; path = Info.plist; sourceTree = "<group>"; };
		35A2549621CA5C89009AAACD /* PropertyListTests.xctest */ = {isa = PBXFileReference; explicitFileType = wrapper.cfbundle; includeInIndex = 0; path = PropertyListTests.xctest; sourceTree = BUILT_PRODUCTS_DIR; };
		35A2549A21CA5C89009AAACD /* PropertyListTests.swift */ = {isa = PBXFileReference; lastKnownFileType = sourcecode.swift; path = PropertyListTests.swift; sourceTree = "<group>"; };
		35A2549C21CA5C89009AAACD /* Info.plist */ = {isa = PBXFileReference; lastKnownFileType = text.plist.xml; path = Info.plist; sourceTree = "<group>"; };
		35A254A521CA5CA5009AAACD /* TableViewController.swift */ = {isa = PBXFileReference; lastKnownFileType = sourcecode.swift; path = TableViewController.swift; sourceTree = "<group>"; };
		35A254A721CA5DCC009AAACD /* TableData.plist */ = {isa = PBXFileReference; lastKnownFileType = text.plist.xml; path = TableData.plist; sourceTree = "<group>"; };
/* End PBXFileReference section */

/* Begin PBXFrameworksBuildPhase section */
		35A2547F21CA5C88009AAACD /* Frameworks */ = {
			isa = PBXFrameworksBuildPhase;
			buildActionMask = 2147483647;
			files = (
			);
			runOnlyForDeploymentPostprocessing = 0;
		};
		35A2549321CA5C89009AAACD /* Frameworks */ = {
			isa = PBXFrameworksBuildPhase;
			buildActionMask = 2147483647;
			files = (
			);
			runOnlyForDeploymentPostprocessing = 0;
		};
/* End PBXFrameworksBuildPhase section */

/* Begin PBXGroup section */
		35A2547921CA5C88009AAACD = {
			isa = PBXGroup;
			children = (
				35A2548421CA5C88009AAACD /* PropertyList */,
				35A2549921CA5C89009AAACD /* PropertyListTests */,
				35A2548321CA5C88009AAACD /* Products */,
			);
			sourceTree = "<group>";
		};
		35A2548321CA5C88009AAACD /* Products */ = {
			isa = PBXGroup;
			children = (
				35A2548221CA5C88009AAACD /* PropertyList.app */,
				35A2549621CA5C89009AAACD /* PropertyListTests.xctest */,
			);
			name = Products;
			sourceTree = "<group>";
		};
		35A2548421CA5C88009AAACD /* PropertyList */ = {
			isa = PBXGroup;
			children = (
				35A2548521CA5C88009AAACD /* AppDelegate.swift */,
				35A254A521CA5CA5009AAACD /* TableViewController.swift */,
				35A254A721CA5DCC009AAACD /* TableData.plist */,
				35A2548921CA5C88009AAACD /* Main.storyboard */,
				35A2548C21CA5C89009AAACD /* Assets.xcassets */,
				35A2548E21CA5C89009AAACD /* LaunchScreen.storyboard */,
				35A2549121CA5C89009AAACD /* Info.plist */,
			);
			path = PropertyList;
			sourceTree = "<group>";
		};
		35A2549921CA5C89009AAACD /* PropertyListTests */ = {
			isa = PBXGroup;
			children = (
				35A2549A21CA5C89009AAACD /* PropertyListTests.swift */,
				35A2549C21CA5C89009AAACD /* Info.plist */,
			);
			path = PropertyListTests;
			sourceTree = "<group>";
		};
/* End PBXGroup section */

/* Begin PBXNativeTarget section */
		35A2548121CA5C88009AAACD /* PropertyList */ = {
			isa = PBXNativeTarget;
			buildConfigurationList = 35A2549F21CA5C89009AAACD /* Build configuration list for PBXNativeTarget "PropertyList" */;
			buildPhases = (
				35A2547E21CA5C88009AAACD /* Sources */,
				35A2547F21CA5C88009AAACD /* Frameworks */,
				35A2548021CA5C88009AAACD /* Resources */,
			);
			buildRules = (
			);
			dependencies = (
			);
			name = PropertyList;
			productName = PropertyList;
			productReference = 35A2548221CA5C88009AAACD /* PropertyList.app */;
			productType = "com.apple.product-type.application";
		};
		35A2549521CA5C89009AAACD /* PropertyListTests */ = {
			isa = PBXNativeTarget;
			buildConfigurationList = 35A254A221CA5C89009AAACD /* Build configuration list for PBXNativeTarget "PropertyListTests" */;
			buildPhases = (
				35A2549221CA5C89009AAACD /* Sources */,
				35A2549321CA5C89009AAACD /* Frameworks */,
				35A2549421CA5C89009AAACD /* Resources */,
			);
			buildRules = (
			);
			dependencies = (
				35A2549821CA5C89009AAACD /* PBXTargetDependency */,
			);
			name = PropertyListTests;
			productName = PropertyListTests;
			productReference = 35A2549621CA5C89009AAACD /* PropertyListTests.xctest */;
			productType = "com.apple.product-type.bundle.unit-test";
		};
/* End PBXNativeTarget section */

/* Begin PBXProject section */
		35A2547A21CA5C88009AAACD /* Project object */ = {
			isa = PBXProject;
			attributes = {
				LastSwiftUpdateCheck = 1010;
				LastUpgradeCheck = 1010;
				ORGANIZATIONNAME = clarionTechnologies;
				TargetAttributes = {
					35A2548121CA5C88009AAACD = {
						CreatedOnToolsVersion = 10.1;
					};
					35A2549521CA5C89009AAACD = {
						CreatedOnToolsVersion = 10.1;
						TestTargetID = 35A2548121CA5C88009AAACD;
					};
				};
			};
			buildConfigurationList = 35A2547D21CA5C88009AAACD /* Build configuration list for PBXProject "PropertyList" */;
			compatibilityVersion = "Xcode 9.3";
			developmentRegion = en;
			hasScannedForEncodings = 0;
			knownRegions = (
				en,
				Base,
			);
			mainGroup = 35A2547921CA5C88009AAACD;
			productRefGroup = 35A2548321CA5C88009AAACD /* Products */;
			projectDirPath = "";
			projectRoot = "";
			targets = (
				35A2548121CA5C88009AAACD /* PropertyList */,
				35A2549521CA5C89009AAACD /* PropertyListTests */,
			);
		};
/* End PBXProject section */

/* Begin PBXResourcesBuildPhase section */
		35A2548021CA5C88009AAACD /* Resources */ = {
			isa = PBXResourcesBuildPhase;
			buildActionMask = 2147483647;
			files = (
				35A2549021CA5C89009AAACD /* LaunchScreen.storyboard in Resources */,
				35A2548D21CA5C89009AAACD /* Assets.xcassets in Resources */,
				35A2548B21CA5C88009AAACD /* Main.storyboard in Resources */,
				35A254A821CA5DCC009AAACD /* TableData.plist in Resources */,
			);
			runOnlyForDeploymentPostprocessing = 0;
		};
		35A2549421CA5C89009AAACD /* Resources */ = {
			isa = PBXResourcesBuildPhase;
			buildActionMask = 2147483647;
			files = (
			);
			runOnlyForDeploymentPostprocessing = 0;
		};
/* End PBXResourcesBuildPhase section */

/* Begin PBXSourcesBuildPhase section */
		35A2547E21CA5C88009AAACD /* Sources */ = {
			isa = PBXSourcesBuildPhase;
			buildActionMask = 2147483647;
			files = (
				35A2548621CA5C88009AAACD /* AppDelegate.swift in Sources */,
				35A254A621CA5CA5009AAACD /* TableViewController.swift in Sources */,
			);
			runOnlyForDeploymentPostprocessing = 0;
		};
		35A2549221CA5C89009AAACD /* Sources */ = {
			isa = PBXSourcesBuildPhase;
			buildActionMask = 2147483647;
			files = (
				35A2549B21CA5C89009AAACD /* PropertyListTests.swift in Sources */,
			);
			runOnlyForDeploymentPostprocessing = 0;
		};
/* End PBXSourcesBuildPhase section */

/* Begin PBXTargetDependency section */
		35A2549821CA5C89009AAACD /* PBXTargetDependency */ = {
			isa = PBXTargetDependency;
			target = 35A2548121CA5C88009AAACD /* PropertyList */;
			targetProxy = 35A2549721CA5C89009AAACD /* PBXContainerItemProxy */;
		};
/* End PBXTargetDependency section */

/* Begin PBXVariantGroup section */
		35A2548921CA5C88009AAACD /* Main.storyboard */ = {
			isa = PBXVariantGroup;
			children = (
				35A2548A21CA5C88009AAACD /* Base */,
			);
			name = Main.storyboard;
			sourceTree = "<group>";
		};
		35A2548E21CA5C89009AAACD /* LaunchScreen.storyboard */ = {
			isa = PBXVariantGroup;
			children = (
				35A2548F21CA5C89009AAACD /* Base */,
			);
			name = LaunchScreen.storyboard;
			sourceTree = "<group>";
		};
/* End PBXVariantGroup section */

/* Begin XCBuildConfiguration section */
		35A2549D21CA5C89009AAACD /* Debug */ = {
			isa = XCBuildConfiguration;
			buildSettings = {
				ALWAYS_SEARCH_USER_PATHS = NO;
				CLANG_ANALYZER_NONNULL = YES;
				CLANG_ANALYZER_NUMBER_OBJECT_CONVERSION = YES_AGGRESSIVE;
				CLANG_CXX_LANGUAGE_STANDARD = "gnu++14";
				CLANG_CXX_LIBRARY = "libc++";
				CLANG_ENABLE_MODULES = YES;
				CLANG_ENABLE_OBJC_ARC = YES;
				CLANG_ENABLE_OBJC_WEAK = YES;
				CLANG_WARN_BLOCK_CAPTURE_AUTORELEASING = YES;
				CLANG_WARN_BOOL_CONVERSION = YES;
				CLANG_WARN_COMMA = YES;
				CLANG_WARN_CONSTANT_CONVERSION = YES;
				CLANG_WARN_DEPRECATED_OBJC_IMPLEMENTATIONS = YES;
				CLANG_WARN_DIRECT_OBJC_ISA_USAGE = YES_ERROR;
				CLANG_WARN_DOCUMENTATION_COMMENTS = YES;
				CLANG_WARN_EMPTY_BODY = YES;
				CLANG_WARN_ENUM_CONVERSION = YES;
				CLANG_WARN_INFINITE_RECURSION = YES;
				CLANG_WARN_INT_CONVERSION = YES;
				CLANG_WARN_NON_LITERAL_NULL_CONVERSION = YES;
				CLANG_WARN_OBJC_IMPLICIT_RETAIN_SELF = YES;
				CLANG_WARN_OBJC_LITERAL_CONVERSION = YES;
				CLANG_WARN_OBJC_ROOT_CLASS = YES_ERROR;
				CLANG_WARN_RANGE_LOOP_ANALYSIS = YES;
				CLANG_WARN_STRICT_PROTOTYPES = YES;
				CLANG_WARN_SUSPICIOUS_MOVE = YES;
				CLANG_WARN_UNGUARDED_AVAILABILITY = YES_AGGRESSIVE;
				CLANG_WARN_UNREACHABLE_CODE = YES;
				CLANG_WARN__DUPLICATE_METHOD_MATCH = YES;
				CODE_SIGN_IDENTITY = "iPhone Developer";
				COPY_PHASE_STRIP = NO;
				DEBUG_INFORMATION_FORMAT = dwarf;
				ENABLE_STRICT_OBJC_MSGSEND = YES;
				ENABLE_TESTABILITY = YES;
				GCC_C_LANGUAGE_STANDARD = gnu11;
				GCC_DYNAMIC_NO_PIC = NO;
				GCC_NO_COMMON_BLOCKS = YES;
				GCC_OPTIMIZATION_LEVEL = 0;
				GCC_PREPROCESSOR_DEFINITIONS = (
					"DEBUG=1",
					"$(inherited)",
				);
				GCC_WARN_64_TO_32_BIT_CONVERSION = YES;
				GCC_WARN_ABOUT_RETURN_TYPE = YES_ERROR;
				GCC_WARN_UNDECLARED_SELECTOR = YES;
				GCC_WARN_UNINITIALIZED_AUTOS = YES_AGGRESSIVE;
				GCC_WARN_UNUSED_FUNCTION = YES;
				GCC_WARN_UNUSED_VARIABLE = YES;
				IPHONEOS_DEPLOYMENT_TARGET = 12.1;
				MTL_ENABLE_DEBUG_INFO = INCLUDE_SOURCE;
				MTL_FAST_MATH = YES;
				ONLY_ACTIVE_ARCH = YES;
				SDKROOT = iphoneos;
				SWIFT_ACTIVE_COMPILATION_CONDITIONS = DEBUG;
				SWIFT_OPTIMIZATION_LEVEL = "-Onone";
			};
			name = Debug;
		};
		35A2549E21CA5C89009AAACD /* Release */ = {
			isa = XCBuildConfiguration;
			buildSettings = {
				ALWAYS_SEARCH_USER_PATHS = NO;
				CLANG_ANALYZER_NONNULL = YES;
				CLANG_ANALYZER_NUMBER_OBJECT_CONVERSION = YES_AGGRESSIVE;
				CLANG_CXX_LANGUAGE_STANDARD = "gnu++14";
				CLANG_CXX_LIBRARY = "libc++";
				CLANG_ENABLE_MODULES = YES;
				CLANG_ENABLE_OBJC_ARC = YES;
				CLANG_ENABLE_OBJC_WEAK = YES;
				CLANG_WARN_BLOCK_CAPTURE_AUTORELEASING = YES;
				CLANG_WARN_BOOL_CONVERSION = YES;
				CLANG_WARN_COMMA = YES;
				CLANG_WARN_CONSTANT_CONVERSION = YES;
				CLANG_WARN_DEPRECATED_OBJC_IMPLEMENTATIONS = YES;
				CLANG_WARN_DIRECT_OBJC_ISA_USAGE = YES_ERROR;
				CLANG_WARN_DOCUMENTATION_COMMENTS = YES;
				CLANG_WARN_EMPTY_BODY = YES;
				CLANG_WARN_ENUM_CONVERSION = YES;
				CLANG_WARN_INFINITE_RECURSION = YES;
				CLANG_WARN_INT_CONVERSION = YES;
				CLANG_WARN_NON_LITERAL_NULL_CONVERSION = YES;
				CLANG_WARN_OBJC_IMPLICIT_RETAIN_SELF = YES;
				CLANG_WARN_OBJC_LITERAL_CONVERSION = YES;
				CLANG_WARN_OBJC_ROOT_CLASS = YES_ERROR;
				CLANG_WARN_RANGE_LOOP_ANALYSIS = YES;
				CLANG_WARN_STRICT_PROTOTYPES = YES;
				CLANG_WARN_SUSPICIOUS_MOVE = YES;
				CLANG_WARN_UNGUARDED_AVAILABILITY = YES_AGGRESSIVE;
				CLANG_WARN_UNREACHABLE_CODE = YES;
				CLANG_WARN__DUPLICATE_METHOD_MATCH = YES;
				CODE_SIGN_IDENTITY = "iPhone Developer";
				COPY_PHASE_STRIP = NO;
				DEBUG_INFORMATION_FORMAT = "dwarf-with-dsym";
				ENABLE_NS_ASSERTIONS = NO;
				ENABLE_STRICT_OBJC_MSGSEND = YES;
				GCC_C_LANGUAGE_STANDARD = gnu11;
				GCC_NO_COMMON_BLOCKS = YES;
				GCC_WARN_64_TO_32_BIT_CONVERSION = YES;
				GCC_WARN_ABOUT_RETURN_TYPE = YES_ERROR;
				GCC_WARN_UNDECLARED_SELECTOR = YES;
				GCC_WARN_UNINITIALIZED_AUTOS = YES_AGGRESSIVE;
				GCC_WARN_UNUSED_FUNCTION = YES;
				GCC_WARN_UNUSED_VARIABLE = YES;
				IPHONEOS_DEPLOYMENT_TARGET = 12.1;
				MTL_ENABLE_DEBUG_INFO = NO;
				MTL_FAST_MATH = YES;
				SDKROOT = iphoneos;
				SWIFT_COMPILATION_MODE = wholemodule;
				SWIFT_OPTIMIZATION_LEVEL = "-O";
				VALIDATE_PRODUCT = YES;
			};
			name = Release;
		};
		35A254A021CA5C89009AAACD /* Debug */ = {
			isa = XCBuildConfiguration;
			buildSettings = {
				ASSETCATALOG_COMPILER_APPICON_NAME = AppIcon;
				CODE_SIGN_STYLE = Automatic;
				INFOPLIST_FILE = PropertyList/Info.plist;
				LD_RUNPATH_SEARCH_PATHS = (
					"$(inherited)",
					"@executable_path/Frameworks",
				);
				PRODUCT_BUNDLE_IDENTIFIER = com.clarion.PropertyList;
				PRODUCT_NAME = "$(TARGET_NAME)";
				SWIFT_VERSION = 4.2;
				TARGETED_DEVICE_FAMILY = "1,2";
			};
			name = Debug;
		};
		35A254A121CA5C89009AAACD /* Release */ = {
			isa = XCBuildConfiguration;
			buildSettings = {
				ASSETCATALOG_COMPILER_APPICON_NAME = AppIcon;
				CODE_SIGN_STYLE = Automatic;
				INFOPLIST_FILE = PropertyList/Info.plist;
				LD_RUNPATH_SEARCH_PATHS = (
					"$(inherited)",
					"@executable_path/Frameworks",
				);
				PRODUCT_BUNDLE_IDENTIFIER = com.clarion.PropertyList;
				PRODUCT_NAME = "$(TARGET_NAME)";
				SWIFT_VERSION = 4.2;
				TARGETED_DEVICE_FAMILY = "1,2";
			};
			name = Release;
		};
		35A254A321CA5C89009AAACD /* Debug */ = {
			isa = XCBuildConfiguration;
			buildSettings = {
				ALWAYS_EMBED_SWIFT_STANDARD_LIBRARIES = YES;
				BUNDLE_LOADER = "$(TEST_HOST)";
				CODE_SIGN_STYLE = Automatic;
				INFOPLIST_FILE = PropertyListTests/Info.plist;
				LD_RUNPATH_SEARCH_PATHS = (
					"$(inherited)",
					"@executable_path/Frameworks",
					"@loader_path/Frameworks",
				);
				PRODUCT_BUNDLE_IDENTIFIER = com.clarion.PropertyListTests;
				PRODUCT_NAME = "$(TARGET_NAME)";
				SWIFT_VERSION = 4.2;
				TARGETED_DEVICE_FAMILY = "1,2";
				TEST_HOST = "$(BUILT_PRODUCTS_DIR)/PropertyList.app/PropertyList";
			};
			name = Debug;
		};
		35A254A421CA5C89009AAACD /* Release */ = {
			isa = XCBuildConfiguration;
			buildSettings = {
				ALWAYS_EMBED_SWIFT_STANDARD_LIBRARIES = YES;
				BUNDLE_LOADER = "$(TEST_HOST)";
				CODE_SIGN_STYLE = Automatic;
				INFOPLIST_FILE = PropertyListTests/Info.plist;
				LD_RUNPATH_SEARCH_PATHS = (
					"$(inherited)",
					"@executable_path/Frameworks",
					"@loader_path/Frameworks",
				);
				PRODUCT_BUNDLE_IDENTIFIER = com.clarion.PropertyListTests;
				PRODUCT_NAME = "$(TARGET_NAME)";
				SWIFT_VERSION = 4.2;
				TARGETED_DEVICE_FAMILY = "1,2";
				TEST_HOST = "$(BUILT_PRODUCTS_DIR)/PropertyList.app/PropertyList";
			};
			name = Release;
		};
/* End XCBuildConfiguration section */

/* Begin XCConfigurationList section */
		35A2547D21CA5C88009AAACD /* Build configuration list for PBXProject "PropertyList" */ = {
			isa = XCConfigurationList;
			buildConfigurations = (
				35A2549D21CA5C89009AAACD /* Debug */,
				35A2549E21CA5C89009AAACD /* Release */,
			);
			defaultConfigurationIsVisible = 0;
			defaultConfigurationName = Release;
		};
		35A2549F21CA5C89009AAACD /* Build configuration list for PBXNativeTarget "PropertyList" */ = {
			isa = XCConfigurationList;
			buildConfigurations = (
				35A254A021CA5C89009AAACD /* Debug */,
				35A254A121CA5C89009AAACD /* Release */,
			);
			defaultConfigurationIsVisible = 0;
			defaultConfigurationName = Release;
		};
		35A254A221CA5C89009AAACD /* Build configuration list for PBXNativeTarget "PropertyListTests" */ = {
			isa = XCConfigurationList;
			buildConfigurations = (
				35A254A321CA5C89009AAACD /* Debug */,
				35A254A421CA5C89009AAACD /* Release */,
			);
			defaultConfigurationIsVisible = 0;
			defaultConfigurationName = Release;
		};
/* End XCConfigurationList section */
	};
	rootObject = 35A2547A21CA5C88009AAACD /* Project object */;
}
